
Microsoft Visual Studio Solution File, Format Version 12.00
# Visual Studio Version 16
VisualStudioVersion = 16.0.31624.102
MinimumVisualStudioVersion = 10.0.40219.1
Project("{FAE04EC0-301F-11D3-BF4B-00C04F79EFBC}") = "WebApiCore", "WebApiCore\WebApiCore.csproj", "{ECF371A2-9966-465A-8936-FD9EC3D8A1AD}"
EndProject
Global
	GlobalSection(SolutionConfigurationPlatforms) = preSolution
		Debug|Any CPU = Debug|Any CPU
		Release|Any CPU = Release|Any CPU
	EndGlobalSection
	GlobalSection(ProjectConfigurationPlatforms) = postSolution
		{ECF371A2-9966-465A-8936-FD9EC3D8A1AD}.Debug|Any CPU.ActiveCfg = Debug|Any CPU
		{ECF371A2-9966-465A-8936-FD9EC3D8A1AD}.Debug|Any CPU.Build.0 = Debug|Any CPU
		{ECF371A2-9966-465A-8936-FD9EC3D8A1AD}.Release|Any CPU.ActiveCfg = Release|Any CPU
		{ECF371A2-9966-465A-8936-FD9EC3D8A1AD}.Release|Any CPU.Build.0 = Release|Any CPU
	EndGlobalSection
	GlobalSection(SolutionProperties) = preSolution
		HideSolutionNode = FALSE
	EndGlobalSection
	GlobalSection(ExtensibilityGlobals) = postSolution
		SolutionGuid = {CDD71CAB-C054-409F-98F1-481D75E085C6}
	EndGlobalSection
EndGlobal
